
Microsoft Visual Studio Solution File, Format Version 12.00
# Visual Studio Version 17
VisualStudioVersion = 17.14.36915.13 d17.14
MinimumVisualStudioVersion = 10.0.40219.1
Project("{FAE04EC0-301F-11D3-BF4B-00C04F79EFBC}") = "Assignment 01 Adv", "Assignment 01 Adv\Assignment 01 Adv.csproj", "{CFB0C2D1-15B2-467F-A6A5-24B83422AA40}"
EndProject
Global
	GlobalSection(SolutionConfigurationPlatforms) = preSolution
		Debug|Any CPU = Debug|Any CPU
		Release|Any CPU = Release|Any CPU
	EndGlobalSection
	GlobalSection(ProjectConfigurationPlatforms) = postSolution
		{CFB0C2D1-15B2-467F-A6A5-24B83422AA40}.Debug|Any CPU.ActiveCfg = Debug|Any CPU
		{CFB0C2D1-15B2-467F-A6A5-24B83422AA40}.Debug|Any CPU.Build.0 = Debug|Any CPU
		{CFB0C2D1-15B2-467F-A6A5-24B83422AA40}.Release|Any CPU.ActiveCfg = Release|Any CPU
		{CFB0C2D1-15B2-467F-A6A5-24B83422AA40}.Release|Any CPU.Build.0 = Release|Any CPU
	EndGlobalSection
	GlobalSection(SolutionProperties) = preSolution
		HideSolutionNode = FALSE
	EndGlobalSection
	GlobalSection(ExtensibilityGlobals) = postSolution
		SolutionGuid = {337B2B00-6E80-4F3D-B8C7-AED054814F04}
	EndGlobalSection
EndGlobal
